// !$*UTF8*$!
{
	archiveVersion = 1;
	classes = {
	};
	objectVersion = 46;
	objects = {

/* Begin PBXBuildFile section */
		2F7446990DB6B7EA00F9684A /* MainMenu.xib in Resources */ = {isa = PBXBuildFile; fileRef = 2F7446970DB6B7EA00F9684A /* MainMenu.xib */; };
		770B37ED0679A11B001EADE2 /* ovb3_DataModel.xcdatamodel in Sources */ = {isa = PBXBuildFile; fileRef = 770B37EC0679A11B001EADE2 /* ovb3_DataModel.xcdatamodel */; };
		77C8280E06725ACE000B614F /* ovb3_AppDelegate.m in Sources */ = {isa = PBXBuildFile; fileRef = 77C8280C06725ACE000B614F /* ovb3_AppDelegate.m */; };
		8D11072B0486CEB800E47090 /* InfoPlist.strings in Resources */ = {isa = PBXBuildFile; fileRef = 089C165CFE840E0CC02AAC07 /* InfoPlist.strings */; };
		8D11072D0486CEB800E47090 /* main.m in Sources */ = {isa = PBXBuildFile; fileRef = 29B97316FDCFA39411CA2CEA /* main.m */; settings = {ATTRIBUTES = (); }; };
		8D11072F0486CEB800E47090 /* Cocoa.framework in Frameworks */ = {isa = PBXBuildFile; fileRef = 1058C7A1FEA54F0111CA2CBB /* Cocoa.framework */; };
		AA6DE0BF14C830DD002B873A /* DBEntry.m in Sources */ = {isa = PBXBuildFile; fileRef = AA6DE0BC14C830DD002B873A /* DBEntry.m */; };
		AA6DE0C014C830DD002B873A /* DBCategory.m in Sources */ = {isa = PBXBuildFile; fileRef = AA6DE0BE14C830DD002B873A /* DBCategory.m */; };
		AAC5218E14AF5982007FC279 /* tableColorTransformer.m in Sources */ = {isa = PBXBuildFile; fileRef = AAC5218D14AF5982007FC279 /* tableColorTransformer.m */; };
		AAD8F8EF169B0335005BEF53 /* SenTestingKit.framework in Frameworks */ = {isa = PBXBuildFile; fileRef = AAD8F8EE169B0335005BEF53 /* SenTestingKit.framework */; };
		AAD8F8F1169B0335005BEF53 /* Cocoa.framework in Frameworks */ = {isa = PBXBuildFile; fileRef = AAD8F8F0169B0335005BEF53 /* Cocoa.framework */; };
		AAD8F8F7169B0335005BEF53 /* InfoPlist.strings in Resources */ = {isa = PBXBuildFile; fileRef = AAD8F8F5169B0335005BEF53 /* InfoPlist.strings */; };
		AAD8F8FA169B0335005BEF53 /* overbank.m in Sources */ = {isa = PBXBuildFile; fileRef = AAD8F8F9169B0335005BEF53 /* overbank.m */; };
		AADCA32B14B20C2A0065FAF7 /* stringToArrayTransformer.m in Sources */ = {isa = PBXBuildFile; fileRef = AADCA32914B20C2A0065FAF7 /* stringToArrayTransformer.m */; };
		AAE180B814B07A2E00D972D7 /* Graphics.m in Sources */ = {isa = PBXBuildFile; fileRef = AAE180B714B07A2E00D972D7 /* Graphics.m */; };
		AAFAD04114AB311D00457F9B /* ActionsProxy.m in Sources */ = {isa = PBXBuildFile; fileRef = AAFAD04014AB311D00457F9B /* ActionsProxy.m */; };
		AAFAD04C14AB32D200457F9B /* BankLog.m in Sources */ = {isa = PBXBuildFile; fileRef = AAFAD04314AB32D200457F9B /* BankLog.m */; };
		AAFAD04D14AB32D200457F9B /* Entry.m in Sources */ = {isa = PBXBuildFile; fileRef = AAFAD04514AB32D200457F9B /* Entry.m */; };
		AAFAD04E14AB32D200457F9B /* FileMgr.m in Sources */ = {isa = PBXBuildFile; fileRef = AAFAD04714AB32D200457F9B /* FileMgr.m */; };
		AAFAD04F14AB32D200457F9B /* Match.m in Sources */ = {isa = PBXBuildFile; fileRef = AAFAD04914AB32D200457F9B /* Match.m */; };
		AAFAD05014AB32D200457F9B /* Prefs.m in Sources */ = {isa = PBXBuildFile; fileRef = AAFAD04B14AB32D200457F9B /* Prefs.m */; };
		AAFAD06114AB346C00457F9B /* Levenshtein.m in Sources */ = {isa = PBXBuildFile; fileRef = AAFAD06014AB346C00457F9B /* Levenshtein.m */; };
		AAFAD0BA14AB3F1400457F9B /* Database.m in Sources */ = {isa = PBXBuildFile; fileRef = AAFAD0B914AB3F1400457F9B /* Database.m */; };
/* End PBXBuildFile section */

/* Begin PBXCopyFilesBuildPhase section */
		AA089E1914D4726D0098D253 /* CopyFiles */ = {
			isa = PBXCopyFilesBuildPhase;
			buildActionMask = 2147483647;
			dstPath = "";
			dstSubfolderSpec = 10;
			files = (
			);
			runOnlyForDeploymentPostprocessing = 0;
		};
/* End PBXCopyFilesBuildPhase section */

/* Begin PBXFileReference section */
		089C165DFE840E0CC02AAC07 /* English */ = {isa = PBXFileReference; fileEncoding = 10; lastKnownFileType = text.plist.strings; name = English; path = English.lproj/InfoPlist.strings; sourceTree = "<group>"; };
		1058C7A1FEA54F0111CA2CBB /* Cocoa.framework */ = {isa = PBXFileReference; lastKnownFileType = wrapper.framework; name = Cocoa.framework; path = /System/Library/Frameworks/Cocoa.framework; sourceTree = "<absolute>"; };
		29B97316FDCFA39411CA2CEA /* main.m */ = {isa = PBXFileReference; fileEncoding = 4; lastKnownFileType = sourcecode.c.objc; path = main.m; sourceTree = "<group>"; };
		29B97324FDCFA39411CA2CEA /* AppKit.framework */ = {isa = PBXFileReference; lastKnownFileType = wrapper.framework; name = AppKit.framework; path = /System/Library/Frameworks/AppKit.framework; sourceTree = "<absolute>"; };
		29B97325FDCFA39411CA2CEA /* Foundation.framework */ = {isa = PBXFileReference; lastKnownFileType = wrapper.framework; name = Foundation.framework; path = /System/Library/Frameworks/Foundation.framework; sourceTree = "<absolute>"; };
		2F7446980DB6B7EA00F9684A /* English */ = {isa = PBXFileReference; lastKnownFileType = file.xib; name = English; path = English.lproj/MainMenu.xib; sourceTree = "<group>"; };
		32CA4F630368D1EE00C91783 /* overbank_Prefix.pch */ = {isa = PBXFileReference; fileEncoding = 4; lastKnownFileType = sourcecode.c.h; path = overbank_Prefix.pch; sourceTree = "<group>"; };
		770B37EC0679A11B001EADE2 /* ovb3_DataModel.xcdatamodel */ = {isa = PBXFileReference; fileEncoding = 4; lastKnownFileType = wrapper.xcdatamodel; path = ovb3_DataModel.xcdatamodel; sourceTree = "<group>"; };
		77C82804067257F0000B614F /* CoreData.framework */ = {isa = PBXFileReference; lastKnownFileType = wrapper.framework; name = CoreData.framework; path = /System/Library/Frameworks/CoreData.framework; sourceTree = "<absolute>"; };
		77C8280B06725ACE000B614F /* ovb3_AppDelegate.h */ = {isa = PBXFileReference; fileEncoding = 4; lastKnownFileType = sourcecode.c.h; path = ovb3_AppDelegate.h; sourceTree = "<group>"; };
		77C8280C06725ACE000B614F /* ovb3_AppDelegate.m */ = {isa = PBXFileReference; fileEncoding = 4; lastKnownFileType = sourcecode.c.objc; path = ovb3_AppDelegate.m; sourceTree = "<group>"; };
		8D1107310486CEB800E47090 /* overbank-Info.plist */ = {isa = PBXFileReference; explicitFileType = text.plist.xml; fileEncoding = 4; path = "overbank-Info.plist"; sourceTree = "<group>"; };
		8D1107320486CEB800E47090 /* overbank.app */ = {isa = PBXFileReference; explicitFileType = wrapper.application; includeInIndex = 0; path = overbank.app; sourceTree = BUILT_PRODUCTS_DIR; };
		AA6DE0BB14C830DD002B873A /* DBEntry.h */ = {isa = PBXFileReference; fileEncoding = 4; lastKnownFileType = sourcecode.c.h; path = DBEntry.h; sourceTree = "<group>"; };
		AA6DE0BC14C830DD002B873A /* DBEntry.m */ = {isa = PBXFileReference; fileEncoding = 4; lastKnownFileType = sourcecode.c.objc; path = DBEntry.m; sourceTree = "<group>"; };
		AA6DE0BD14C830DD002B873A /* DBCategory.h */ = {isa = PBXFileReference; fileEncoding = 4; lastKnownFileType = sourcecode.c.h; path = DBCategory.h; sourceTree = "<group>"; };
		AA6DE0BE14C830DD002B873A /* DBCategory.m */ = {isa = PBXFileReference; fileEncoding = 4; lastKnownFileType = sourcecode.c.objc; path = DBCategory.m; sourceTree = "<group>"; };
		AAC5218C14AF5982007FC279 /* tableColorTransformer.h */ = {isa = PBXFileReference; fileEncoding = 4; lastKnownFileType = sourcecode.c.h; path = tableColorTransformer.h; sourceTree = "<group>"; };
		AAC5218D14AF5982007FC279 /* tableColorTransformer.m */ = {isa = PBXFileReference; fileEncoding = 4; lastKnownFileType = sourcecode.c.objc; path = tableColorTransformer.m; sourceTree = "<group>"; };
		AAD8F8ED169B0335005BEF53 /* overbank.octest */ = {isa = PBXFileReference; explicitFileType = wrapper.cfbundle; includeInIndex = 0; path = overbank.octest; sourceTree = BUILT_PRODUCTS_DIR; };
		AAD8F8EE169B0335005BEF53 /* SenTestingKit.framework */ = {isa = PBXFileReference; lastKnownFileType = wrapper.framework; name = SenTestingKit.framework; path = Library/Frameworks/SenTestingKit.framework; sourceTree = DEVELOPER_DIR; };
		AAD8F8F0169B0335005BEF53 /* Cocoa.framework */ = {isa = PBXFileReference; lastKnownFileType = wrapper.framework; name = Cocoa.framework; path = Library/Frameworks/Cocoa.framework; sourceTree = DEVELOPER_DIR; };
		AAD8F8F4169B0335005BEF53 /* overbank-Info.plist */ = {isa = PBXFileReference; lastKnownFileType = text.plist.xml; path = "overbank-Info.plist"; sourceTree = "<group>"; };
		AAD8F8F6169B0335005BEF53 /* en */ = {isa = PBXFileReference; lastKnownFileType = text.plist.strings; name = en; path = en.lproj/InfoPlist.strings; sourceTree = "<group>"; };
		AAD8F8F8169B0335005BEF53 /* overbank.h */ = {isa = PBXFileReference; lastKnownFileType = sourcecode.c.h; path = overbank.h; sourceTree = "<group>"; };
		AAD8F8F9169B0335005BEF53 /* overbank.m */ = {isa = PBXFileReference; lastKnownFileType = sourcecode.c.objc; path = overbank.m; sourceTree = "<group>"; };
		AAD8F8FB169B0335005BEF53 /* overbank-Prefix.pch */ = {isa = PBXFileReference; lastKnownFileType = sourcecode.c.h; path = "overbank-Prefix.pch"; sourceTree = "<group>"; };
		AADCA32914B20C2A0065FAF7 /* stringToArrayTransformer.m */ = {isa = PBXFileReference; fileEncoding = 4; lastKnownFileType = sourcecode.c.objc; path = stringToArrayTransformer.m; sourceTree = "<group>"; };
		AADCA32A14B20C2A0065FAF7 /* stringToArrayTransformer.h */ = {isa = PBXFileReference; fileEncoding = 4; lastKnownFileType = sourcecode.c.h; path = stringToArrayTransformer.h; sourceTree = "<group>"; };
		AAE180B614B07A2E00D972D7 /* Graphics.h */ = {isa = PBXFileReference; fileEncoding = 4; lastKnownFileType = sourcecode.c.h; path = Graphics.h; sourceTree = "<group>"; };
		AAE180B714B07A2E00D972D7 /* Graphics.m */ = {isa = PBXFileReference; fileEncoding = 4; lastKnownFileType = sourcecode.c.objc; path = Graphics.m; sourceTree = "<group>"; };
		AAFAD03F14AB311D00457F9B /* ActionsProxy.h */ = {isa = PBXFileReference; fileEncoding = 4; lastKnownFileType = sourcecode.c.h; path = ActionsProxy.h; sourceTree = "<group>"; };
		AAFAD04014AB311D00457F9B /* ActionsProxy.m */ = {isa = PBXFileReference; fileEncoding = 4; lastKnownFileType = sourcecode.c.objc; path = ActionsProxy.m; sourceTree = "<group>"; };
		AAFAD04214AB32D200457F9B /* BankLog.h */ = {isa = PBXFileReference; fileEncoding = 4; lastKnownFileType = sourcecode.c.h; path = BankLog.h; sourceTree = "<group>"; };
		AAFAD04314AB32D200457F9B /* BankLog.m */ = {isa = PBXFileReference; fileEncoding = 4; lastKnownFileType = sourcecode.c.objc; path = BankLog.m; sourceTree = "<group>"; };
		AAFAD04414AB32D200457F9B /* Entry.h */ = {isa = PBXFileReference; fileEncoding = 4; lastKnownFileType = sourcecode.c.h; path = Entry.h; sourceTree = "<group>"; };
		AAFAD04514AB32D200457F9B /* Entry.m */ = {isa = PBXFileReference; fileEncoding = 4; lastKnownFileType = sourcecode.c.objc; path = Entry.m; sourceTree = "<group>"; };
		AAFAD04614AB32D200457F9B /* FileMgr.h */ = {isa = PBXFileReference; fileEncoding = 4; lastKnownFileType = sourcecode.c.h; path = FileMgr.h; sourceTree = "<group>"; };
		AAFAD04714AB32D200457F9B /* FileMgr.m */ = {isa = PBXFileReference; fileEncoding = 4; lastKnownFileType = sourcecode.c.objc; path = FileMgr.m; sourceTree = "<group>"; };
		AAFAD04814AB32D200457F9B /* Match.h */ = {isa = PBXFileReference; fileEncoding = 4; lastKnownFileType = sourcecode.c.h; path = Match.h; sourceTree = "<group>"; };
		AAFAD04914AB32D200457F9B /* Match.m */ = {isa = PBXFileReference; fileEncoding = 4; lastKnownFileType = sourcecode.c.objc; path = Match.m; sourceTree = "<group>"; };
		AAFAD04A14AB32D200457F9B /* Prefs.h */ = {isa = PBXFileReference; fileEncoding = 4; lastKnownFileType = sourcecode.c.h; path = Prefs.h; sourceTree = "<group>"; };
		AAFAD04B14AB32D200457F9B /* Prefs.m */ = {isa = PBXFileReference; fileEncoding = 4; lastKnownFileType = sourcecode.c.objc; path = Prefs.m; sourceTree = "<group>"; };
		AAFAD05F14AB346C00457F9B /* Levenshtein.h */ = {isa = PBXFileReference; fileEncoding = 4; lastKnownFileType = sourcecode.c.h; path = Levenshtein.h; sourceTree = "<group>"; };
		AAFAD06014AB346C00457F9B /* Levenshtein.m */ = {isa = PBXFileReference; fileEncoding = 4; lastKnownFileType = sourcecode.c.objc; path = Levenshtein.m; sourceTree = "<group>"; };
		AAFAD0B814AB3F1400457F9B /* Database.h */ = {isa = PBXFileReference; fileEncoding = 4; lastKnownFileType = sourcecode.c.h; path = Database.h; sourceTree = "<group>"; };
		AAFAD0B914AB3F1400457F9B /* Database.m */ = {isa = PBXFileReference; fileEncoding = 4; lastKnownFileType = sourcecode.c.objc; path = Database.m; sourceTree = "<group>"; };
/* End PBXFileReference section */

/* Begin PBXFrameworksBuildPhase section */
		8D11072E0486CEB800E47090 /* Frameworks */ = {
			isa = PBXFrameworksBuildPhase;
			buildActionMask = 2147483647;
			files = (
				8D11072F0486CEB800E47090 /* Cocoa.framework in Frameworks */,
			);
			runOnlyForDeploymentPostprocessing = 0;
		};
		AAD8F8E9169B0335005BEF53 /* Frameworks */ = {
			isa = PBXFrameworksBuildPhase;
			buildActionMask = 2147483647;
			files = (
				AAD8F8EF169B0335005BEF53 /* SenTestingKit.framework in Frameworks */,
				AAD8F8F1169B0335005BEF53 /* Cocoa.framework in Frameworks */,
			);
			runOnlyForDeploymentPostprocessing = 0;
		};
/* End PBXFrameworksBuildPhase section */

/* Begin PBXGroup section */
		080E96DDFE201D6D7F000001 /* Classes */ = {
			isa = PBXGroup;
			children = (
				AAFAD04214AB32D200457F9B /* BankLog.h */,
				AAFAD04314AB32D200457F9B /* BankLog.m */,
				AAFAD04414AB32D200457F9B /* Entry.h */,
				AAFAD04514AB32D200457F9B /* Entry.m */,
				AAFAD04614AB32D200457F9B /* FileMgr.h */,
				AAFAD04714AB32D200457F9B /* FileMgr.m */,
				AAFAD04814AB32D200457F9B /* Match.h */,
				AAFAD04914AB32D200457F9B /* Match.m */,
				AAFAD04A14AB32D200457F9B /* Prefs.h */,
				AAFAD04B14AB32D200457F9B /* Prefs.m */,
				AAFAD0B814AB3F1400457F9B /* Database.h */,
				AAFAD0B914AB3F1400457F9B /* Database.m */,
				AAFAD03F14AB311D00457F9B /* ActionsProxy.h */,
				AAFAD04014AB311D00457F9B /* ActionsProxy.m */,
				77C8280B06725ACE000B614F /* ovb3_AppDelegate.h */,
				77C8280C06725ACE000B614F /* ovb3_AppDelegate.m */,
				AAE180B614B07A2E00D972D7 /* Graphics.h */,
				AAE180B714B07A2E00D972D7 /* Graphics.m */,
			);
			name = Classes;
			sourceTree = "<group>";
		};
		1058C7A0FEA54F0111CA2CBB /* Linked Frameworks */ = {
			isa = PBXGroup;
			children = (
				1058C7A1FEA54F0111CA2CBB /* Cocoa.framework */,
			);
			name = "Linked Frameworks";
			sourceTree = "<group>";
		};
		1058C7A2FEA54F0111CA2CBB /* Other Frameworks */ = {
			isa = PBXGroup;
			children = (
				77C82804067257F0000B614F /* CoreData.framework */,
				29B97325FDCFA39411CA2CEA /* Foundation.framework */,
				29B97324FDCFA39411CA2CEA /* AppKit.framework */,
			);
			name = "Other Frameworks";
			sourceTree = "<group>";
		};
		19C28FACFE9D520D11CA2CBB /* Products */ = {
			isa = PBXGroup;
			children = (
				8D1107320486CEB800E47090 /* overbank.app */,
				AAD8F8ED169B0335005BEF53 /* overbank.octest */,
			);
			name = Products;
			sourceTree = "<group>";
		};
		29B97314FDCFA39411CA2CEA /* ovb3 */ = {
			isa = PBXGroup;
			children = (
				7756732906782D8800D1FEB8 /* Models */,
				AACE0B3014B0F33C004C07AE /* ValueTransformers */,
				080E96DDFE201D6D7F000001 /* Classes */,
				29B97315FDCFA39411CA2CEA /* Other Sources */,
				29B97317FDCFA39411CA2CEA /* Resources */,
				AAD8F8F2169B0335005BEF53 /* overbankTests */,
				29B97323FDCFA39411CA2CEA /* Frameworks */,
				19C28FACFE9D520D11CA2CBB /* Products */,
			);
			name = ovb3;
			sourceTree = "<group>";
		};
		29B97315FDCFA39411CA2CEA /* Other Sources */ = {
			isa = PBXGroup;
			children = (
				AAFAD05F14AB346C00457F9B /* Levenshtein.h */,
				AAFAD06014AB346C00457F9B /* Levenshtein.m */,
				32CA4F630368D1EE00C91783 /* overbank_Prefix.pch */,
				29B97316FDCFA39411CA2CEA /* main.m */,
			);
			name = "Other Sources";
			sourceTree = "<group>";
		};
		29B97317FDCFA39411CA2CEA /* Resources */ = {
			isa = PBXGroup;
			children = (
				8D1107310486CEB800E47090 /* overbank-Info.plist */,
				089C165CFE840E0CC02AAC07 /* InfoPlist.strings */,
				2F7446970DB6B7EA00F9684A /* MainMenu.xib */,
			);
			name = Resources;
			sourceTree = "<group>";
		};
		29B97323FDCFA39411CA2CEA /* Frameworks */ = {
			isa = PBXGroup;
			children = (
				1058C7A0FEA54F0111CA2CBB /* Linked Frameworks */,
				AAD8F8EE169B0335005BEF53 /* SenTestingKit.framework */,
				AAD8F8F0169B0335005BEF53 /* Cocoa.framework */,
				1058C7A2FEA54F0111CA2CBB /* Other Frameworks */,
			);
			name = Frameworks;
			sourceTree = "<group>";
		};
		7756732906782D8800D1FEB8 /* Models */ = {
			isa = PBXGroup;
			children = (
				AA6DE0BB14C830DD002B873A /* DBEntry.h */,
				AA6DE0BC14C830DD002B873A /* DBEntry.m */,
				AA6DE0BD14C830DD002B873A /* DBCategory.h */,
				AA6DE0BE14C830DD002B873A /* DBCategory.m */,
				770B37EC0679A11B001EADE2 /* ovb3_DataModel.xcdatamodel */,
			);
			name = Models;
			sourceTree = "<group>";
		};
		AACE0B3014B0F33C004C07AE /* ValueTransformers */ = {
			isa = PBXGroup;
			children = (
				AADCA32914B20C2A0065FAF7 /* stringToArrayTransformer.m */,
				AADCA32A14B20C2A0065FAF7 /* stringToArrayTransformer.h */,
				AAC5218C14AF5982007FC279 /* tableColorTransformer.h */,
				AAC5218D14AF5982007FC279 /* tableColorTransformer.m */,
			);
			name = ValueTransformers;
			sourceTree = "<group>";
		};
		AAD8F8F2169B0335005BEF53 /* overbankTests */ = {
			isa = PBXGroup;
			children = (
				AAD8F8F8169B0335005BEF53 /* overbank.h */,
				AAD8F8F9169B0335005BEF53 /* overbank.m */,
				AAD8F8F3169B0335005BEF53 /* Supporting Files */,
			);
			name = overbankTests;
			path = overbank;
			sourceTree = "<group>";
		};
		AAD8F8F3169B0335005BEF53 /* Supporting Files */ = {
			isa = PBXGroup;
			children = (
				AAD8F8F4169B0335005BEF53 /* overbank-Info.plist */,
				AAD8F8F5169B0335005BEF53 /* InfoPlist.strings */,
				AAD8F8FB169B0335005BEF53 /* overbank-Prefix.pch */,
			);
			name = "Supporting Files";
			sourceTree = "<group>";
		};
/* End PBXGroup section */

/* Begin PBXNativeTarget section */
		8D1107260486CEB800E47090 /* ovb3 */ = {
			isa = PBXNativeTarget;
			buildConfigurationList = 26FC0A840875C7B200E6366F /* Build configuration list for PBXNativeTarget "ovb3" */;
			buildPhases = (
				8D1107290486CEB800E47090 /* Resources */,
				8D11072C0486CEB800E47090 /* Sources */,
				8D11072E0486CEB800E47090 /* Frameworks */,
				AA089E1914D4726D0098D253 /* CopyFiles */,
			);
			buildRules = (
			);
			dependencies = (
			);
			name = ovb3;
			productInstallPath = "$(HOME)/Applications";
			productName = ovb3;
			productReference = 8D1107320486CEB800E47090 /* overbank.app */;
			productType = "com.apple.product-type.application";
		};
		AAD8F8EC169B0335005BEF53 /* overbank */ = {
			isa = PBXNativeTarget;
			buildConfigurationList = AAD8F8FE169B0335005BEF53 /* Build configuration list for PBXNativeTarget "overbank" */;
			buildPhases = (
				AAD8F8E8169B0335005BEF53 /* Sources */,
				AAD8F8E9169B0335005BEF53 /* Frameworks */,
				AAD8F8EA169B0335005BEF53 /* Resources */,
				AAD8F8EB169B0335005BEF53 /* ShellScript */,
			);
			buildRules = (
			);
			dependencies = (
			);
			name = overbank;
			productName = overbank;
			productReference = AAD8F8ED169B0335005BEF53 /* overbank.octest */;
			productType = "com.apple.product-type.bundle";
		};
/* End PBXNativeTarget section */

/* Begin PBXProject section */
		29B97313FDCFA39411CA2CEA /* Project object */ = {
			isa = PBXProject;
			attributes = {
				LastUpgradeCheck = 0450;
			};
			buildConfigurationList = 26FC0A880875C7B200E6366F /* Build configuration list for PBXProject "overbank" */;
			compatibilityVersion = "Xcode 3.2";
			developmentRegion = English;
			hasScannedForEncodings = 1;
			knownRegions = (
				English,
				Japanese,
				French,
				German,
				en,
			);
			mainGroup = 29B97314FDCFA39411CA2CEA /* ovb3 */;
			projectDirPath = "";
			projectRoot = "";
			targets = (
				8D1107260486CEB800E47090 /* ovb3 */,
				AAD8F8EC169B0335005BEF53 /* overbank */,
			);
		};
/* End PBXProject section */

/* Begin PBXResourcesBuildPhase section */
		8D1107290486CEB800E47090 /* Resources */ = {
			isa = PBXResourcesBuildPhase;
			buildActionMask = 2147483647;
			files = (
				8D11072B0486CEB800E47090 /* InfoPlist.strings in Resources */,
				2F7446990DB6B7EA00F9684A /* MainMenu.xib in Resources */,
			);
			runOnlyForDeploymentPostprocessing = 0;
		};
		AAD8F8EA169B0335005BEF53 /* Resources */ = {
			isa = PBXResourcesBuildPhase;
			buildActionMask = 2147483647;
			files = (
				AAD8F8F7169B0335005BEF53 /* InfoPlist.strings in Resources */,
			);
			runOnlyForDeploymentPostprocessing = 0;
		};
/* End PBXResourcesBuildPhase section */

/* Begin PBXShellScriptBuildPhase section */
		AAD8F8EB169B0335005BEF53 /* ShellScript */ = {
			isa = PBXShellScriptBuildPhase;
			buildActionMask = 2147483647;
			files = (
			);
			inputPaths = (
			);
			outputPaths = (
			);
			runOnlyForDeploymentPostprocessing = 0;
			shellPath = /bin/sh;
			shellScript = "# Run the unit tests in this test bundle.\n\"${SYSTEM_DEVELOPER_DIR}/Tools/RunUnitTests\"\n";
		};
/* End PBXShellScriptBuildPhase section */

/* Begin PBXSourcesBuildPhase section */
		8D11072C0486CEB800E47090 /* Sources */ = {
			isa = PBXSourcesBuildPhase;
			buildActionMask = 2147483647;
			files = (
				8D11072D0486CEB800E47090 /* main.m in Sources */,
				77C8280E06725ACE000B614F /* ovb3_AppDelegate.m in Sources */,
				770B37ED0679A11B001EADE2 /* ovb3_DataModel.xcdatamodel in Sources */,
				AAFAD04114AB311D00457F9B /* ActionsProxy.m in Sources */,
				AAFAD04C14AB32D200457F9B /* BankLog.m in Sources */,
				AAFAD04D14AB32D200457F9B /* Entry.m in Sources */,
				AAFAD04E14AB32D200457F9B /* FileMgr.m in Sources */,
				AAFAD04F14AB32D200457F9B /* Match.m in Sources */,
				AAFAD05014AB32D200457F9B /* Prefs.m in Sources */,
				AAFAD06114AB346C00457F9B /* Levenshtein.m in Sources */,
				AAFAD0BA14AB3F1400457F9B /* Database.m in Sources */,
				AAC5218E14AF5982007FC279 /* tableColorTransformer.m in Sources */,
				AAE180B814B07A2E00D972D7 /* Graphics.m in Sources */,
				AADCA32B14B20C2A0065FAF7 /* stringToArrayTransformer.m in Sources */,
				AA6DE0BF14C830DD002B873A /* DBEntry.m in Sources */,
				AA6DE0C014C830DD002B873A /* DBCategory.m in Sources */,
			);
			runOnlyForDeploymentPostprocessing = 0;
		};
		AAD8F8E8169B0335005BEF53 /* Sources */ = {
			isa = PBXSourcesBuildPhase;
			buildActionMask = 2147483647;
			files = (
				AAD8F8FA169B0335005BEF53 /* overbank.m in Sources */,
			);
			runOnlyForDeploymentPostprocessing = 0;
		};
/* End PBXSourcesBuildPhase section */

/* Begin PBXVariantGroup section */
		089C165CFE840E0CC02AAC07 /* InfoPlist.strings */ = {
			isa = PBXVariantGroup;
			children = (
				089C165DFE840E0CC02AAC07 /* English */,
			);
			name = InfoPlist.strings;
			sourceTree = "<group>";
		};
		2F7446970DB6B7EA00F9684A /* MainMenu.xib */ = {
			isa = PBXVariantGroup;
			children = (
				2F7446980DB6B7EA00F9684A /* English */,
			);
			name = MainMenu.xib;
			sourceTree = "<group>";
		};
		AAD8F8F5169B0335005BEF53 /* InfoPlist.strings */ = {
			isa = PBXVariantGroup;
			children = (
				AAD8F8F6169B0335005BEF53 /* en */,
			);
			name = InfoPlist.strings;
			sourceTree = "<group>";
		};
/* End PBXVariantGroup section */

/* Begin XCBuildConfiguration section */
		26FC0A850875C7B200E6366F /* Debug */ = {
			isa = XCBuildConfiguration;
			buildSettings = {
				ARCHS = "$(ARCHS_STANDARD_32_64_BIT)";
				COMBINE_HIDPI_IMAGES = YES;
				COPY_PHASE_STRIP = NO;
				GCC_DYNAMIC_NO_PIC = NO;
				GCC_ENABLE_OBJC_EXCEPTIONS = YES;
				GCC_MODEL_TUNING = G5;
				GCC_OPTIMIZATION_LEVEL = 0;
				GCC_PRECOMPILE_PREFIX_HEADER = YES;
				GCC_PREFIX_HEADER = overbank_Prefix.pch;
				INFOPLIST_FILE = "overbank-Info.plist";
				INSTALL_PATH = "$(HOME)/Applications";
				MACOSX_DEPLOYMENT_TARGET = 10.8;
				PRODUCT_NAME = overbank;
				WRAPPER_EXTENSION = app;
			};
			name = Debug;
		};
		26FC0A860875C7B200E6366F /* Release */ = {
			isa = XCBuildConfiguration;
			buildSettings = {
				COMBINE_HIDPI_IMAGES = YES;
				DEBUG_INFORMATION_FORMAT = "dwarf-with-dsym";
				GCC_ENABLE_OBJC_EXCEPTIONS = YES;
				GCC_MODEL_TUNING = G5;
				GCC_PRECOMPILE_PREFIX_HEADER = YES;
				GCC_PREFIX_HEADER = overbank_Prefix.pch;
				INFOPLIST_FILE = "overbank-Info.plist";
				INSTALL_PATH = "$(HOME)/Applications";
				MACOSX_DEPLOYMENT_TARGET = 10.8;
				PRODUCT_NAME = overbank;
				WRAPPER_EXTENSION = app;
			};
			name = Release;
		};
		26FC0A890875C7B200E6366F /* Debug */ = {
			isa = XCBuildConfiguration;
			buildSettings = {
				ARCHS = "$(ARCHS_STANDARD_32_64_BIT)";
				GCC_C_LANGUAGE_STANDARD = gnu99;
				GCC_ENABLE_OBJC_GC = required;
				GCC_WARN_ABOUT_RETURN_TYPE = YES;
				GCC_WARN_UNUSED_VARIABLE = YES;
				ONLY_ACTIVE_ARCH = YES;
				SDKROOT = macosx;
			};
			name = Debug;
		};
		26FC0A8A0875C7B200E6366F /* Release */ = {
			isa = XCBuildConfiguration;
			buildSettings = {
				ARCHS = "$(ARCHS_STANDARD_32_64_BIT)";
				GCC_C_LANGUAGE_STANDARD = gnu99;
				GCC_ENABLE_OBJC_GC = required;
				GCC_WARN_ABOUT_RETURN_TYPE = YES;
				GCC_WARN_UNUSED_VARIABLE = YES;
				SDKROOT = macosx;
			};
			name = Release;
		};
		AAD8F8FC169B0335005BEF53 /* Debug */ = {
			isa = XCBuildConfiguration;
			buildSettings = {
				ALWAYS_SEARCH_USER_PATHS = NO;
				ARCHS = "$(ARCHS_STANDARD_64_BIT)";
				CLANG_CXX_LANGUAGE_STANDARD = "gnu++0x";
				CLANG_CXX_LIBRARY = "libc++";
				CLANG_ENABLE_OBJC_ARC = YES;
				CLANG_WARN_EMPTY_BODY = YES;
				CLANG_WARN__DUPLICATE_METHOD_MATCH = YES;
				COMBINE_HIDPI_IMAGES = YES;
				COPY_PHASE_STRIP = NO;
				FRAMEWORK_SEARCH_PATHS = "\"$(DEVELOPER_LIBRARY_DIR)/Frameworks\"";
				GCC_DYNAMIC_NO_PIC = NO;
				GCC_ENABLE_OBJC_EXCEPTIONS = YES;
				GCC_OPTIMIZATION_LEVEL = 0;
				GCC_PRECOMPILE_PREFIX_HEADER = YES;
				GCC_PREFIX_HEADER = "overbank/overbank-Prefix.pch";
				GCC_PREPROCESSOR_DEFINITIONS = (
					"DEBUG=1",
					"$(inherited)",
				);
				GCC_SYMBOLS_PRIVATE_EXTERN = NO;
				GCC_WARN_64_TO_32_BIT_CONVERSION = YES;
				GCC_WARN_UNINITIALIZED_AUTOS = YES;
				INFOPLIST_FILE = "overbank/overbank-Info.plist";
				MACOSX_DEPLOYMENT_TARGET = 10.8;
				PRODUCT_NAME = "$(TARGET_NAME)";
				WRAPPER_EXTENSION = octest;
			};
			name = Debug;
		};
		AAD8F8FD169B0335005BEF53 /* Release */ = {
			isa = XCBuildConfiguration;
			buildSettings = {
				ALWAYS_SEARCH_USER_PATHS = NO;
				ARCHS = "$(ARCHS_STANDARD_64_BIT)";
				CLANG_CXX_LANGUAGE_STANDARD = "gnu++0x";
				CLANG_CXX_LIBRARY = "libc++";
				CLANG_ENABLE_OBJC_ARC = YES;
				CLANG_WARN_EMPTY_BODY = YES;
				CLANG_WARN__DUPLICATE_METHOD_MATCH = YES;
				COMBINE_HIDPI_IMAGES = YES;
				COPY_PHASE_STRIP = YES;
				DEBUG_INFORMATION_FORMAT = "dwarf-with-dsym";
				FRAMEWORK_SEARCH_PATHS = "\"$(DEVELOPER_LIBRARY_DIR)/Frameworks\"";
				GCC_ENABLE_OBJC_EXCEPTIONS = YES;
				GCC_PRECOMPILE_PREFIX_HEADER = YES;
				GCC_PREFIX_HEADER = "overbank/overbank-Prefix.pch";
				GCC_WARN_64_TO_32_BIT_CONVERSION = YES;
				GCC_WARN_UNINITIALIZED_AUTOS = YES;
				INFOPLIST_FILE = "overbank/overbank-Info.plist";
				MACOSX_DEPLOYMENT_TARGET = 10.8;
				PRODUCT_NAME = "$(TARGET_NAME)";
				WRAPPER_EXTENSION = octest;
			};
			name = Release;
		};
/* End XCBuildConfiguration section */

/* Begin XCConfigurationList section */
		26FC0A840875C7B200E6366F /* Build configuration list for PBXNativeTarget "ovb3" */ = {
			isa = XCConfigurationList;
			buildConfigurations = (
				26FC0A850875C7B200E6366F /* Debug */,
				26FC0A860875C7B200E6366F /* Release */,
			);
			defaultConfigurationIsVisible = 0;
			defaultConfigurationName = Release;
		};
		26FC0A880875C7B200E6366F /* Build configuration list for PBXProject "overbank" */ = {
			isa = XCConfigurationList;
			buildConfigurations = (
				26FC0A890875C7B200E6366F /* Debug */,
				26FC0A8A0875C7B200E6366F /* Release */,
			);
			defaultConfigurationIsVisible = 0;
			defaultConfigurationName = Release;
		};
		AAD8F8FE169B0335005BEF53 /* Build configuration list for PBXNativeTarget "overbank" */ = {
			isa = XCConfigurationList;
			buildConfigurations = (
				AAD8F8FC169B0335005BEF53 /* Debug */,
				AAD8F8FD169B0335005BEF53 /* Release */,
			);
			defaultConfigurationIsVisible = 0;
		};
/* End XCConfigurationList section */
	};
	rootObject = 29B97313FDCFA39411CA2CEA /* Project object */;
}
